
Microsoft Visual Studio Solution File, Format Version 12.00
# Visual Studio Version 17
VisualStudioVersion = 17.3.32819.101
MinimumVisualStudioVersion = 10.0.40219.1
Project("{FAE04EC0-301F-11D3-BF4B-00C04F79EFBC}") = "pryPonssaSP4", "pryPonssaSP4.csproj", "{FC4DBB89-5402-42D6-8B3D-1344B0E99015}"
EndProject
Global
	GlobalSection(SolutionConfigurationPlatforms) = preSolution
		Debug|Any CPU = Debug|Any CPU
		Release|Any CPU = Release|Any CPU
	EndGlobalSection
	GlobalSection(ProjectConfigurationPlatforms) = postSolution
		{FC4DBB89-5402-42D6-8B3D-1344B0E99015}.Debug|Any CPU.ActiveCfg = Debug|Any CPU
		{FC4DBB89-5402-42D6-8B3D-1344B0E99015}.Debug|Any CPU.Build.0 = Debug|Any CPU
		{FC4DBB89-5402-42D6-8B3D-1344B0E99015}.Release|Any CPU.ActiveCfg = Release|Any CPU
		{FC4DBB89-5402-42D6-8B3D-1344B0E99015}.Release|Any CPU.Build.0 = Release|Any CPU
	EndGlobalSection
	GlobalSection(SolutionProperties) = preSolution
		HideSolutionNode = FALSE
	EndGlobalSection
	GlobalSection(ExtensibilityGlobals) = postSolution
		SolutionGuid = {08CDD644-4F21-437A-868B-8907CDEDE6CA}
	EndGlobalSection
EndGlobal
